
Microsoft Visual Studio Solution File, Format Version 12.00
# Visual Studio Version 16
VisualStudioVersion = 16.0.30611.23
MinimumVisualStudioVersion = 10.0.40219.1
Project("{9A19103F-16F7-4668-BE54-9A1E7A4F7556}") = "SharedMapView", "SharedMapView\SharedMapView.csproj", "{7E11449B-4202-49A9-A60A-516F2D979CA1}"
EndProject
Project("{FAE04EC0-301F-11D3-BF4B-00C04F79EFBC}") = "WpfSample", "Samples\WpfSample\WpfSample.csproj", "{D76F94C4-A531-4025-A578-FB9084BFAF12}"
EndProject
Global
	GlobalSection(SolutionConfigurationPlatforms) = preSolution
		Debug|Any CPU = Debug|Any CPU
		Release|Any CPU = Release|Any CPU
	EndGlobalSection
	GlobalSection(ProjectConfigurationPlatforms) = postSolution
		{7E11449B-4202-49A9-A60A-516F2D979CA1}.Debug|Any CPU.ActiveCfg = Debug|Any CPU
		{7E11449B-4202-49A9-A60A-516F2D979CA1}.Debug|Any CPU.Build.0 = Debug|Any CPU
		{7E11449B-4202-49A9-A60A-516F2D979CA1}.Release|Any CPU.ActiveCfg = Release|Any CPU
		{7E11449B-4202-49A9-A60A-516F2D979CA1}.Release|Any CPU.Build.0 = Release|Any CPU
		{D76F94C4-A531-4025-A578-FB9084BFAF12}.Debug|Any CPU.ActiveCfg = Debug|Any CPU
		{D76F94C4-A531-4025-A578-FB9084BFAF12}.Debug|Any CPU.Build.0 = Debug|Any CPU
		{D76F94C4-A531-4025-A578-FB9084BFAF12}.Release|Any CPU.ActiveCfg = Release|Any CPU
		{D76F94C4-A531-4025-A578-FB9084BFAF12}.Release|Any CPU.Build.0 = Release|Any CPU
	EndGlobalSection
	GlobalSection(SolutionProperties) = preSolution
		HideSolutionNode = FALSE
	EndGlobalSection
	GlobalSection(ExtensibilityGlobals) = postSolution
		SolutionGuid = {2C249016-2183-4340-8E62-975CE8AFFCEB}
	EndGlobalSection
EndGlobal
